<?xml version="1.0" encoding="UTF-8"?>
<!DOCTYPE plist PUBLIC "-//Apple//DTD PLIST 1.0//EN" "http://www.apple.com/DTDs/PropertyList-1.0.dtd">
<plist version="1.0">
<dict>
	<key>archiveVersion</key>
	<string>1</string>
	<key>classes</key>
	<dict/>
	<key>objectVersion</key>
	<string>46</string>
	<key>objects</key>
	<dict>
		<key>0734912A9B11315696642566</key>
		<dict>
			<key>includeInIndex</key>
			<string>1</string>
			<key>isa</key>
			<string>PBXFileReference</string>
			<key>lastKnownFileType</key>
			<string>text.xcconfig</string>
			<key>name</key>
			<string>Pods-MarqueeShow.release.xcconfig</string>
			<key>path</key>
			<string>../Pods/Target Support Files/Pods-MarqueeShow/Pods-MarqueeShow.release.xcconfig</string>
			<key>sourceTree</key>
			<string>&lt;group&gt;</string>
		</dict>
		<key>19168B1B5E6472552A3BA91D</key>
		<dict>
			<key>buildActionMask</key>
			<string>2147483647</string>
			<key>files</key>
			<array/>
			<key>inputPaths</key>
			<array/>
			<key>isa</key>
			<string>PBXShellScriptBuildPhase</string>
			<key>name</key>
			<string>&#128230; Check Pods Manifest.lock</string>
			<key>outputPaths</key>
			<array/>
			<key>runOnlyForDeploymentPostprocessing</key>
			<string>0</string>
			<key>shellPath</key>
			<string>/bin/sh</string>
			<key>shellScript</key>
			<string>diff "${PODS_ROOT}/../Podfile.lock" "${PODS_ROOT}/Manifest.lock" &gt; /dev/null
if [[ $? != 0 ]] ; then
    cat &lt;&lt; EOM
error: The sandbox is not in sync with the Podfile.lock. Run 'pod install' or update your CocoaPods installation.
EOM
    exit 1
fi
</string>
			<key>showEnvVarsInLog</key>
			<string>0</string>
		</dict>
		<key>36936C4932D0250B4B5FB026</key>
		<dict>
			<key>includeInIndex</key>
			<string>1</string>
			<key>isa</key>
			<string>PBXFileReference</string>
			<key>lastKnownFileType</key>
			<string>text.xcconfig</string>
			<key>name</key>
			<string>Pods-MarqueeShow.debug.xcconfig</string>
			<key>path</key>
			<string>../Pods/Target Support Files/Pods-MarqueeShow/Pods-MarqueeShow.debug.xcconfig</string>
			<key>sourceTree</key>
			<string>&lt;group&gt;</string>
		</dict>
		<key>4E27C0BAA8A8347A464F57A2</key>
		<dict>
			<key>buildActionMask</key>
			<string>2147483647</string>
			<key>files</key>
			<array/>
			<key>inputPaths</key>
			<array/>
			<key>isa</key>
			<string>PBXShellScriptBuildPhase</string>
			<key>name</key>
			<string>&#128230; Embed Pods Frameworks</string>
			<key>outputPaths</key>
			<array/>
			<key>runOnlyForDeploymentPostprocessing</key>
			<string>0</string>
			<key>shellPath</key>
			<string>/bin/sh</string>
			<key>shellScript</key>
			<string>"${SRCROOT}/../Pods/Target Support Files/Pods-MarqueeShow/Pods-MarqueeShow-frameworks.sh"
</string>
			<key>showEnvVarsInLog</key>
			<string>0</string>
		</dict>
		<key>5F3E0BFC1DE2952B001AF982</key>
		<dict>
			<key>children</key>
			<array>
				<string>5F3E0C071DE2952B001AF982</string>
				<string>5F3E0C061DE2952B001AF982</string>
				<string>8BE1320934F228139FFDC5AD</string>
				<string>DAE0604398DB0F25C4C14DA8</string>
			</array>
			<key>isa</key>
			<string>PBXGroup</string>
			<key>sourceTree</key>
			<string>&lt;group&gt;</string>
		</dict>
		<key>5F3E0BFD1DE2952B001AF982</key>
		<dict>
			<key>attributes</key>
			<dict>
				<key>LastUpgradeCheck</key>
				<string>0800</string>
				<key>ORGANIZATIONNAME</key>
				<string>liaoting</string>
				<key>TargetAttributes</key>
				<dict>
					<key>5F3E0C041DE2952B001AF982</key>
					<dict>
						<key>CreatedOnToolsVersion</key>
						<string>8.0</string>
						<key>DevelopmentTeam</key>
						<string>4DS63DJUQ6</string>
						<key>ProvisioningStyle</key>
						<string>Automatic</string>
					</dict>
				</dict>
			</dict>
			<key>buildConfigurationList</key>
			<string>5F3E0C001DE2952B001AF982</string>
			<key>compatibilityVersion</key>
			<string>Xcode 3.2</string>
			<key>developmentRegion</key>
			<string>English</string>
			<key>hasScannedForEncodings</key>
			<string>0</string>
			<key>isa</key>
			<string>PBXProject</string>
			<key>knownRegions</key>
			<array>
				<string>en</string>
				<string>Base</string>
			</array>
			<key>mainGroup</key>
			<string>5F3E0BFC1DE2952B001AF982</string>
			<key>productRefGroup</key>
			<string>5F3E0C061DE2952B001AF982</string>
			<key>projectDirPath</key>
			<string></string>
			<key>projectReferences</key>
			<array/>
			<key>projectRoot</key>
			<string></string>
			<key>targets</key>
			<array>
				<string>5F3E0C041DE2952B001AF982</string>
			</array>
		</dict>
		<key>5F3E0C001DE2952B001AF982</key>
		<dict>
			<key>buildConfigurations</key>
			<array>
				<string>5F3E0C1A1DE2952B001AF982</string>
				<string>5F3E0C1B1DE2952B001AF982</string>
			</array>
			<key>defaultConfigurationIsVisible</key>
			<string>0</string>
			<key>defaultConfigurationName</key>
			<string>Release</string>
			<key>isa</key>
			<string>XCConfigurationList</string>
		</dict>
		<key>5F3E0C011DE2952B001AF982</key>
		<dict>
			<key>buildActionMask</key>
			<string>2147483647</string>
			<key>files</key>
			<array>
				<string>5F3E0C101DE2952B001AF982</string>
				<string>5F3E0C0D1DE2952B001AF982</string>
				<string>5F3E0C0A1DE2952B001AF982</string>
				<string>5F3E0C211DE2C233001AF982</string>
			</array>
			<key>isa</key>
			<string>PBXSourcesBuildPhase</string>
			<key>runOnlyForDeploymentPostprocessing</key>
			<string>0</string>
		</dict>
		<key>5F3E0C021DE2952B001AF982</key>
		<dict>
			<key>buildActionMask</key>
			<string>2147483647</string>
			<key>files</key>
			<array>
				<string>AEBE69CE56299DA902BBD53A</string>
			</array>
			<key>isa</key>
			<string>PBXFrameworksBuildPhase</string>
			<key>runOnlyForDeploymentPostprocessing</key>
			<string>0</string>
		</dict>
		<key>5F3E0C031DE2952B001AF982</key>
		<dict>
			<key>buildActionMask</key>
			<string>2147483647</string>
			<key>files</key>
			<array>
				<string>5F3E0C181DE2952B001AF982</string>
				<string>5F3E0C151DE2952B001AF982</string>
				<string>5F3E0C131DE2952B001AF982</string>
			</array>
			<key>isa</key>
			<string>PBXResourcesBuildPhase</string>
			<key>runOnlyForDeploymentPostprocessing</key>
			<string>0</string>
		</dict>
		<key>5F3E0C041DE2952B001AF982</key>
		<dict>
			<key>buildConfigurationList</key>
			<string>5F3E0C1C1DE2952B001AF982</string>
			<key>buildPhases</key>
			<array>
				<string>19168B1B5E6472552A3BA91D</string>
				<string>5F3E0C011DE2952B001AF982</string>
				<string>5F3E0C021DE2952B001AF982</string>
				<string>5F3E0C031DE2952B001AF982</string>
				<string>4E27C0BAA8A8347A464F57A2</string>
				<string>B0E50BF77859F9E3BAB17F14</string>
			</array>
			<key>buildRules</key>
			<array/>
			<key>dependencies</key>
			<array/>
			<key>isa</key>
			<string>PBXNativeTarget</string>
			<key>name</key>
			<string>MarqueeShow</string>
			<key>productName</key>
			<string>MarqueeShow</string>
			<key>productReference</key>
			<string>5F3E0C051DE2952B001AF982</string>
			<key>productType</key>
			<string>com.apple.product-type.application</string>
		</dict>
		<key>5F3E0C051DE2952B001AF982</key>
		<dict>
			<key>explicitFileType</key>
			<string>wrapper.application</string>
			<key>includeInIndex</key>
			<string>0</string>
			<key>isa</key>
			<string>PBXFileReference</string>
			<key>path</key>
			<string>MarqueeShow.app</string>
			<key>sourceTree</key>
			<string>BUILT_PRODUCTS_DIR</string>
		</dict>
		<key>5F3E0C061DE2952B001AF982</key>
		<dict>
			<key>children</key>
			<array>
				<string>5F3E0C051DE2952B001AF982</string>
			</array>
			<key>isa</key>
			<string>PBXGroup</string>
			<key>name</key>
			<string>Products</string>
			<key>sourceTree</key>
			<string>&lt;group&gt;</string>
		</dict>
		<key>5F3E0C071DE2952B001AF982</key>
		<dict>
			<key>children</key>
			<array>
				<string>5F3E0C0B1DE2952B001AF982</string>
				<string>5F3E0C0C1DE2952B001AF982</string>
				<string>5F3E0C0E1DE2952B001AF982</string>
				<string>5F3E0C0F1DE2952B001AF982</string>
				<string>5F3E0C1F1DE2C233001AF982</string>
				<string>5F3E0C201DE2C233001AF982</string>
				<string>5F3E0C111DE2952B001AF982</string>
				<string>5F3E0C141DE2952B001AF982</string>
				<string>5F3E0C161DE2952B001AF982</string>
				<string>5F3E0C191DE2952B001AF982</string>
				<string>5F3E0C081DE2952B001AF982</string>
			</array>
			<key>isa</key>
			<string>PBXGroup</string>
			<key>path</key>
			<string>MarqueeShow</string>
			<key>sourceTree</key>
			<string>&lt;group&gt;</string>
		</dict>
		<key>5F3E0C081DE2952B001AF982</key>
		<dict>
			<key>children</key>
			<array>
				<string>5F3E0C091DE2952B001AF982</string>
			</array>
			<key>isa</key>
			<string>PBXGroup</string>
			<key>name</key>
			<string>Supporting Files</string>
			<key>sourceTree</key>
			<string>&lt;group&gt;</string>
		</dict>
		<key>5F3E0C091DE2952B001AF982</key>
		<dict>
			<key>isa</key>
			<string>PBXFileReference</string>
			<key>lastKnownFileType</key>
			<string>sourcecode.c.objc</string>
			<key>path</key>
			<string>main.m</string>
			<key>sourceTree</key>
			<string>&lt;group&gt;</string>
		</dict>
		<key>5F3E0C0A1DE2952B001AF982</key>
		<dict>
			<key>fileRef</key>
			<string>5F3E0C091DE2952B001AF982</string>
			<key>isa</key>
			<string>PBXBuildFile</string>
		</dict>
		<key>5F3E0C0B1DE2952B001AF982</key>
		<dict>
			<key>isa</key>
			<string>PBXFileReference</string>
			<key>lastKnownFileType</key>
			<string>sourcecode.c.h</string>
			<key>path</key>
			<string>AppDelegate.h</string>
			<key>sourceTree</key>
			<string>&lt;group&gt;</string>
		</dict>
		<key>5F3E0C0C1DE2952B001AF982</key>
		<dict>
			<key>isa</key>
			<string>PBXFileReference</string>
			<key>lastKnownFileType</key>
			<string>sourcecode.c.objc</string>
			<key>path</key>
			<string>AppDelegate.m</string>
			<key>sourceTree</key>
			<string>&lt;group&gt;</string>
		</dict>
		<key>5F3E0C0D1DE2952B001AF982</key>
		<dict>
			<key>fileRef</key>
			<string>5F3E0C0C1DE2952B001AF982</string>
			<key>isa</key>
			<string>PBXBuildFile</string>
		</dict>
		<key>5F3E0C0E1DE2952B001AF982</key>
		<dict>
			<key>isa</key>
			<string>PBXFileReference</string>
			<key>lastKnownFileType</key>
			<string>sourcecode.c.h</string>
			<key>path</key>
			<string>ViewController.h</string>
			<key>sourceTree</key>
			<string>&lt;group&gt;</string>
		</dict>
		<key>5F3E0C0F1DE2952B001AF982</key>
		<dict>
			<key>isa</key>
			<string>PBXFileReference</string>
			<key>lastKnownFileType</key>
			<string>sourcecode.c.objc</string>
			<key>path</key>
			<string>ViewController.m</string>
			<key>sourceTree</key>
			<string>&lt;group&gt;</string>
		</dict>
		<key>5F3E0C101DE2952B001AF982</key>
		<dict>
			<key>fileRef</key>
			<string>5F3E0C0F1DE2952B001AF982</string>
			<key>isa</key>
			<string>PBXBuildFile</string>
		</dict>
		<key>5F3E0C111DE2952B001AF982</key>
		<dict>
			<key>children</key>
			<array>
				<string>5F3E0C121DE2952B001AF982</string>
			</array>
			<key>isa</key>
			<string>PBXVariantGroup</string>
			<key>name</key>
			<string>Main.storyboard</string>
			<key>sourceTree</key>
			<string>&lt;group&gt;</string>
		</dict>
		<key>5F3E0C121DE2952B001AF982</key>
		<dict>
			<key>isa</key>
			<string>PBXFileReference</string>
			<key>lastKnownFileType</key>
			<string>file.storyboard</string>
			<key>name</key>
			<string>Base</string>
			<key>path</key>
			<string>Base.lproj/Main.storyboard</string>
			<key>sourceTree</key>
			<string>&lt;group&gt;</string>
		</dict>
		<key>5F3E0C131DE2952B001AF982</key>
		<dict>
			<key>fileRef</key>
			<string>5F3E0C111DE2952B001AF982</string>
			<key>isa</key>
			<string>PBXBuildFile</string>
		</dict>
		<key>5F3E0C141DE2952B001AF982</key>
		<dict>
			<key>isa</key>
			<string>PBXFileReference</string>
			<key>lastKnownFileType</key>
			<string>folder.assetcatalog</string>
			<key>path</key>
			<string>Assets.xcassets</string>
			<key>sourceTree</key>
			<string>&lt;group&gt;</string>
		</dict>
		<key>5F3E0C151DE2952B001AF982</key>
		<dict>
			<key>fileRef</key>
			<string>5F3E0C141DE2952B001AF982</string>
			<key>isa</key>
			<string>PBXBuildFile</string>
		</dict>
		<key>5F3E0C161DE2952B001AF982</key>
		<dict>
			<key>children</key>
			<array>
				<string>5F3E0C171DE2952B001AF982</string>
			</array>
			<key>isa</key>
			<string>PBXVariantGroup</string>
			<key>name</key>
			<string>LaunchScreen.storyboard</string>
			<key>sourceTree</key>
			<string>&lt;group&gt;</string>
		</dict>
		<key>5F3E0C171DE2952B001AF982</key>
		<dict>
			<key>isa</key>
			<string>PBXFileReference</string>
			<key>lastKnownFileType</key>
			<string>file.storyboard</string>
			<key>name</key>
			<string>Base</string>
			<key>path</key>
			<string>Base.lproj/LaunchScreen.storyboard</string>
			<key>sourceTree</key>
			<string>&lt;group&gt;</string>
		</dict>
		<key>5F3E0C181DE2952B001AF982</key>
		<dict>
			<key>fileRef</key>
			<string>5F3E0C161DE2952B001AF982</string>
			<key>isa</key>
			<string>PBXBuildFile</string>
		</dict>
		<key>5F3E0C191DE2952B001AF982</key>
		<dict>
			<key>isa</key>
			<string>PBXFileReference</string>
			<key>lastKnownFileType</key>
			<string>text.plist.xml</string>
			<key>path</key>
			<string>Info.plist</string>
			<key>sourceTree</key>
			<string>&lt;group&gt;</string>
		</dict>
		<key>5F3E0C1A1DE2952B001AF982</key>
		<dict>
			<key>buildSettings</key>
			<dict>
				<key>ALWAYS_SEARCH_USER_PATHS</key>
				<string>NO</string>
				<key>CLANG_ANALYZER_NONNULL</key>
				<string>YES</string>
				<key>CLANG_CXX_LANGUAGE_STANDARD</key>
				<string>gnu++0x</string>
				<key>CLANG_CXX_LIBRARY</key>
				<string>libc++</string>
				<key>CLANG_ENABLE_MODULES</key>
				<string>YES</string>
				<key>CLANG_ENABLE_OBJC_ARC</key>
				<string>YES</string>
				<key>CLANG_WARN_BOOL_CONVERSION</key>
				<string>YES</string>
				<key>CLANG_WARN_CONSTANT_CONVERSION</key>
				<string>YES</string>
				<key>CLANG_WARN_DIRECT_OBJC_ISA_USAGE</key>
				<string>YES_ERROR</string>
				<key>CLANG_WARN_DOCUMENTATION_COMMENTS</key>
				<string>YES</string>
				<key>CLANG_WARN_EMPTY_BODY</key>
				<string>YES</string>
				<key>CLANG_WARN_ENUM_CONVERSION</key>
				<string>YES</string>
				<key>CLANG_WARN_INFINITE_RECURSION</key>
				<string>YES</string>
				<key>CLANG_WARN_INT_CONVERSION</key>
				<string>YES</string>
				<key>CLANG_WARN_OBJC_ROOT_CLASS</key>
				<string>YES_ERROR</string>
				<key>CLANG_WARN_SUSPICIOUS_MOVES</key>
				<string>YES</string>
				<key>CLANG_WARN_UNREACHABLE_CODE</key>
				<string>YES</string>
				<key>CLANG_WARN__DUPLICATE_METHOD_MATCH</key>
				<string>YES</string>
				<key>CODE_SIGN_IDENTITY[sdk=iphoneos*]</key>
				<string>iPhone Developer</string>
				<key>COPY_PHASE_STRIP</key>
				<string>NO</string>
				<key>DEBUG_INFORMATION_FORMAT</key>
				<string>dwarf</string>
				<key>ENABLE_STRICT_OBJC_MSGSEND</key>
				<string>YES</string>
				<key>ENABLE_TESTABILITY</key>
				<string>YES</string>
				<key>GCC_C_LANGUAGE_STANDARD</key>
				<string>gnu99</string>
				<key>GCC_DYNAMIC_NO_PIC</key>
				<string>NO</string>
				<key>GCC_NO_COMMON_BLOCKS</key>
				<string>YES</string>
				<key>GCC_OPTIMIZATION_LEVEL</key>
				<string>0</string>
				<key>GCC_PREPROCESSOR_DEFINITIONS</key>
				<array>
					<string>DEBUG=1</string>
					<string>$(inherited)</string>
				</array>
				<key>GCC_WARN_64_TO_32_BIT_CONVERSION</key>
				<string>YES</string>
				<key>GCC_WARN_ABOUT_RETURN_TYPE</key>
				<string>YES_ERROR</string>
				<key>GCC_WARN_UNDECLARED_SELECTOR</key>
				<string>YES</string>
				<key>GCC_WARN_UNINITIALIZED_AUTOS</key>
				<string>YES_AGGRESSIVE</string>
				<key>GCC_WARN_UNUSED_FUNCTION</key>
				<string>YES</string>
				<key>GCC_WARN_UNUSED_VARIABLE</key>
				<string>YES</string>
				<key>IPHONEOS_DEPLOYMENT_TARGET</key>
				<string>10.0</string>
				<key>MTL_ENABLE_DEBUG_INFO</key>
				<string>YES</string>
				<key>ONLY_ACTIVE_ARCH</key>
				<string>YES</string>
				<key>SDKROOT</key>
				<string>iphoneos</string>
			</dict>
			<key>isa</key>
			<string>XCBuildConfiguration</string>
			<key>name</key>
			<string>Debug</string>
		</dict>
		<key>5F3E0C1B1DE2952B001AF982</key>
		<dict>
			<key>buildSettings</key>
			<dict>
				<key>ALWAYS_SEARCH_USER_PATHS</key>
				<string>NO</string>
				<key>CLANG_ANALYZER_NONNULL</key>
				<string>YES</string>
				<key>CLANG_CXX_LANGUAGE_STANDARD</key>
				<string>gnu++0x</string>
				<key>CLANG_CXX_LIBRARY</key>
				<string>libc++</string>
				<key>CLANG_ENABLE_MODULES</key>
				<string>YES</string>
				<key>CLANG_ENABLE_OBJC_ARC</key>
				<string>YES</string>
				<key>CLANG_WARN_BOOL_CONVERSION</key>
				<string>YES</string>
				<key>CLANG_WARN_CONSTANT_CONVERSION</key>
				<string>YES</string>
				<key>CLANG_WARN_DIRECT_OBJC_ISA_USAGE</key>
				<string>YES_ERROR</string>
				<key>CLANG_WARN_DOCUMENTATION_COMMENTS</key>
				<string>YES</string>
				<key>CLANG_WARN_EMPTY_BODY</key>
				<string>YES</string>
				<key>CLANG_WARN_ENUM_CONVERSION</key>
				<string>YES</string>
				<key>CLANG_WARN_INFINITE_RECURSION</key>
				<string>YES</string>
				<key>CLANG_WARN_INT_CONVERSION</key>
				<string>YES</string>
				<key>CLANG_WARN_OBJC_ROOT_CLASS</key>
				<string>YES_ERROR</string>
				<key>CLANG_WARN_SUSPICIOUS_MOVES</key>
				<string>YES</string>
				<key>CLANG_WARN_UNREACHABLE_CODE</key>
				<string>YES</string>
				<key>CLANG_WARN__DUPLICATE_METHOD_MATCH</key>
				<string>YES</string>
				<key>CODE_SIGN_IDENTITY[sdk=iphoneos*]</key>
				<string>iPhone Developer</string>
				<key>COPY_PHASE_STRIP</key>
				<string>NO</string>
				<key>DEBUG_INFORMATION_FORMAT</key>
				<string>dwarf-with-dsym</string>
				<key>ENABLE_NS_ASSERTIONS</key>
				<string>NO</string>
				<key>ENABLE_STRICT_OBJC_MSGSEND</key>
				<string>YES</string>
				<key>GCC_C_LANGUAGE_STANDARD</key>
				<string>gnu99</string>
				<key>GCC_NO_COMMON_BLOCKS</key>
				<string>YES</string>
				<key>GCC_WARN_64_TO_32_BIT_CONVERSION</key>
				<string>YES</string>
				<key>GCC_WARN_ABOUT_RETURN_TYPE</key>
				<string>YES_ERROR</string>
				<key>GCC_WARN_UNDECLARED_SELECTOR</key>
				<string>YES</string>
				<key>GCC_WARN_UNINITIALIZED_AUTOS</key>
				<string>YES_AGGRESSIVE</string>
				<key>GCC_WARN_UNUSED_FUNCTION</key>
				<string>YES</string>
				<key>GCC_WARN_UNUSED_VARIABLE</key>
				<string>YES</string>
				<key>IPHONEOS_DEPLOYMENT_TARGET</key>
				<string>10.0</string>
				<key>MTL_ENABLE_DEBUG_INFO</key>
				<string>NO</string>
				<key>SDKROOT</key>
				<string>iphoneos</string>
				<key>VALIDATE_PRODUCT</key>
				<string>YES</string>
			</dict>
			<key>isa</key>
			<string>XCBuildConfiguration</string>
			<key>name</key>
			<string>Release</string>
		</dict>
		<key>5F3E0C1C1DE2952B001AF982</key>
		<dict>
			<key>buildConfigurations</key>
			<array>
				<string>5F3E0C1D1DE2952B001AF982</string>
				<string>5F3E0C1E1DE2952B001AF982</string>
			</array>
			<key>defaultConfigurationIsVisible</key>
			<string>0</string>
			<key>defaultConfigurationName</key>
			<string>Release</string>
			<key>isa</key>
			<string>XCConfigurationList</string>
		</dict>
		<key>5F3E0C1D1DE2952B001AF982</key>
		<dict>
			<key>baseConfigurationReference</key>
			<string>36936C4932D0250B4B5FB026</string>
			<key>buildSettings</key>
			<dict>
				<key>ASSETCATALOG_COMPILER_APPICON_NAME</key>
				<string>AppIcon</string>
				<key>DEVELOPMENT_TEAM</key>
				<string>4DS63DJUQ6</string>
				<key>INFOPLIST_FILE</key>
				<string>MarqueeShow/Info.plist</string>
				<key>LD_RUNPATH_SEARCH_PATHS</key>
				<string>$(inherited) @executable_path/Frameworks</string>
				<key>PRODUCT_BUNDLE_IDENTIFIER</key>
				<string>com.liaoting.MarqueeShow</string>
				<key>PRODUCT_NAME</key>
				<string>$(TARGET_NAME)</string>
			</dict>
			<key>isa</key>
			<string>XCBuildConfiguration</string>
			<key>name</key>
			<string>Debug</string>
		</dict>
		<key>5F3E0C1E1DE2952B001AF982</key>
		<dict>
			<key>baseConfigurationReference</key>
			<string>0734912A9B11315696642566</string>
			<key>buildSettings</key>
			<dict>
				<key>ASSETCATALOG_COMPILER_APPICON_NAME</key>
				<string>AppIcon</string>
				<key>DEVELOPMENT_TEAM</key>
				<string>4DS63DJUQ6</string>
				<key>INFOPLIST_FILE</key>
				<string>MarqueeShow/Info.plist</string>
				<key>LD_RUNPATH_SEARCH_PATHS</key>
				<string>$(inherited) @executable_path/Frameworks</string>
				<key>PRODUCT_BUNDLE_IDENTIFIER</key>
				<string>com.liaoting.MarqueeShow</string>
				<key>PRODUCT_NAME</key>
				<string>$(TARGET_NAME)</string>
			</dict>
			<key>isa</key>
			<string>XCBuildConfiguration</string>
			<key>name</key>
			<string>Release</string>
		</dict>
		<key>5F3E0C1F1DE2C233001AF982</key>
		<dict>
			<key>fileEncoding</key>
			<string>4</string>
			<key>isa</key>
			<string>PBXFileReference</string>
			<key>lastKnownFileType</key>
			<string>sourcecode.c.h</string>
			<key>path</key>
			<string>MarqueeView.h</string>
			<key>sourceTree</key>
			<string>&lt;group&gt;</string>
		</dict>
		<key>5F3E0C201DE2C233001AF982</key>
		<dict>
			<key>fileEncoding</key>
			<string>4</string>
			<key>isa</key>
			<string>PBXFileReference</string>
			<key>lastKnownFileType</key>
			<string>sourcecode.c.objc</string>
			<key>path</key>
			<string>MarqueeView.m</string>
			<key>sourceTree</key>
			<string>&lt;group&gt;</string>
		</dict>
		<key>5F3E0C211DE2C233001AF982</key>
		<dict>
			<key>fileRef</key>
			<string>5F3E0C201DE2C233001AF982</string>
			<key>isa</key>
			<string>PBXBuildFile</string>
		</dict>
		<key>8BE1320934F228139FFDC5AD</key>
		<dict>
			<key>children</key>
			<array>
				<string>E9D38FC33F8C54745A9C9485</string>
			</array>
			<key>isa</key>
			<string>PBXGroup</string>
			<key>name</key>
			<string>Frameworks</string>
			<key>sourceTree</key>
			<string>&lt;group&gt;</string>
		</dict>
		<key>AEBE69CE56299DA902BBD53A</key>
		<dict>
			<key>fileRef</key>
			<string>E9D38FC33F8C54745A9C9485</string>
			<key>isa</key>
			<string>PBXBuildFile</string>
		</dict>
		<key>B0E50BF77859F9E3BAB17F14</key>
		<dict>
			<key>buildActionMask</key>
			<string>2147483647</string>
			<key>files</key>
			<array/>
			<key>inputPaths</key>
			<array/>
			<key>isa</key>
			<string>PBXShellScriptBuildPhase</string>
			<key>name</key>
			<string>&#128230; Copy Pods Resources</string>
			<key>outputPaths</key>
			<array/>
			<key>runOnlyForDeploymentPostprocessing</key>
			<string>0</string>
			<key>shellPath</key>
			<string>/bin/sh</string>
			<key>shellScript</key>
			<string>"${SRCROOT}/../Pods/Target Support Files/Pods-MarqueeShow/Pods-MarqueeShow-resources.sh"
</string>
			<key>showEnvVarsInLog</key>
			<string>0</string>
		</dict>
		<key>DAE0604398DB0F25C4C14DA8</key>
		<dict>
			<key>children</key>
			<array>
				<string>36936C4932D0250B4B5FB026</string>
				<string>0734912A9B11315696642566</string>
			</array>
			<key>isa</key>
			<string>PBXGroup</string>
			<key>name</key>
			<string>Pods</string>
			<key>sourceTree</key>
			<string>&lt;group&gt;</string>
		</dict>
		<key>E9D38FC33F8C54745A9C9485</key>
		<dict>
			<key>explicitFileType</key>
			<string>archive.ar</string>
			<key>includeInIndex</key>
			<string>0</string>
			<key>isa</key>
			<string>PBXFileReference</string>
			<key>path</key>
			<string>libPods-MarqueeShow.a</string>
			<key>sourceTree</key>
			<string>BUILT_PRODUCTS_DIR</string>
		</dict>
	</dict>
	<key>rootObject</key>
	<string>5F3E0BFD1DE2952B001AF982</string>
</dict>
</plist>
